// !$*UTF8*$!
{
	archiveVersion = 1;
	classes = {
	};
	objectVersion = 46;
	objects = {

/* Begin PBXBuildFile section */
		C447EE221A96C1B400A269C5 /* AppDelegate.swift in Sources */ = {isa = PBXBuildFile; fileRef = C447EE211A96C1B400A269C5 /* AppDelegate.swift */; };
		C447EE241A96C1B400A269C5 /* ViewController.swift in Sources */ = {isa = PBXBuildFile; fileRef = C447EE231A96C1B400A269C5 /* ViewController.swift */; };
		C447EE271A96C1B400A269C5 /* Main.storyboard in Resources */ = {isa = PBXBuildFile; fileRef = C447EE251A96C1B400A269C5 /* Main.storyboard */; };
		C447EE291A96C1B400A269C5 /* Images.xcassets in Resources */ = {isa = PBXBuildFile; fileRef = C447EE281A96C1B400A269C5 /* Images.xcassets */; };
		C447EE2C1A96C1B400A269C5 /* LaunchScreen.xib in Resources */ = {isa = PBXBuildFile; fileRef = C447EE2A1A96C1B400A269C5 /* LaunchScreen.xib */; };
		C447EE381A96C1B500A269C5 /* TwinTableViewsTests.swift in Sources */ = {isa = PBXBuildFile; fileRef = C447EE371A96C1B500A269C5 /* TwinTableViewsTests.swift */; };
		C447EE421A96E10600A269C5 /* SelectableFoodItem.swift in Sources */ = {isa = PBXBuildFile; fileRef = C447EE411A96E10600A269C5 /* SelectableFoodItem.swift */; };
/* End PBXBuildFile section */

/* Begin PBXContainerItemProxy section */
		C447EE321A96C1B500A269C5 /* PBXContainerItemProxy */ = {
			isa = PBXContainerItemProxy;
			containerPortal = C447EE141A96C1B400A269C5 /* Project object */;
			proxyType = 1;
			remoteGlobalIDString = C447EE1B1A96C1B400A269C5;
			remoteInfo = TwinTableViews;
		};
/* End PBXContainerItemProxy section */

/* Begin PBXFileReference section */
		C447EE1C1A96C1B400A269C5 /* TwinTableViews.app */ = {isa = PBXFileReference; explicitFileType = wrapper.application; includeInIndex = 0; path = TwinTableViews.app; sourceTree = BUILT_PRODUCTS_DIR; };
		C447EE201A96C1B400A269C5 /* Info.plist */ = {isa = PBXFileReference; lastKnownFileType = text.plist.xml; path = Info.plist; sourceTree = "<group>"; };
		C447EE211A96C1B400A269C5 /* AppDelegate.swift */ = {isa = PBXFileReference; lastKnownFileType = sourcecode.swift; path = AppDelegate.swift; sourceTree = "<group>"; };
		C447EE231A96C1B400A269C5 /* ViewController.swift */ = {isa = PBXFileReference; lastKnownFileType = sourcecode.swift; path = ViewController.swift; sourceTree = "<group>"; };
		C447EE261A96C1B400A269C5 /* Base */ = {isa = PBXFileReference; lastKnownFileType = file.storyboard; name = Base; path = Base.lproj/Main.storyboard; sourceTree = "<group>"; };
		C447EE281A96C1B400A269C5 /* Images.xcassets */ = {isa = PBXFileReference; lastKnownFileType = folder.assetcatalog; path = Images.xcassets; sourceTree = "<group>"; };
		C447EE2B1A96C1B400A269C5 /* Base */ = {isa = PBXFileReference; lastKnownFileType = file.xib; name = Base; path = Base.lproj/LaunchScreen.xib; sourceTree = "<group>"; };
		C447EE311A96C1B500A269C5 /* TwinTableViewsTests.xctest */ = {isa = PBXFileReference; explicitFileType = wrapper.cfbundle; includeInIndex = 0; path = TwinTableViewsTests.xctest; sourceTree = BUILT_PRODUCTS_DIR; };
		C447EE361A96C1B500A269C5 /* Info.plist */ = {isa = PBXFileReference; lastKnownFileType = text.plist.xml; path = Info.plist; sourceTree = "<group>"; };
		C447EE371A96C1B500A269C5 /* TwinTableViewsTests.swift */ = {isa = PBXFileReference; lastKnownFileType = sourcecode.swift; path = TwinTableViewsTests.swift; sourceTree = "<group>"; };
		C447EE411A96E10600A269C5 /* SelectableFoodItem.swift */ = {isa = PBXFileReference; fileEncoding = 4; lastKnownFileType = sourcecode.swift; path = SelectableFoodItem.swift; sourceTree = "<group>"; };
/* End PBXFileReference section */

/* Begin PBXFrameworksBuildPhase section */
		C447EE191A96C1B400A269C5 /* Frameworks */ = {
			isa = PBXFrameworksBuildPhase;
			buildActionMask = 2147483647;
			files = (
			);
			runOnlyForDeploymentPostprocessing = 0;
		};
		C447EE2E1A96C1B500A269C5 /* Frameworks */ = {
			isa = PBXFrameworksBuildPhase;
			buildActionMask = 2147483647;
			files = (
			);
			runOnlyForDeploymentPostprocessing = 0;
		};
/* End PBXFrameworksBuildPhase section */

/* Begin PBXGroup section */
		C447EE131A96C1B400A269C5 = {
			isa = PBXGroup;
			children = (
				C447EE1E1A96C1B400A269C5 /* TwinTableViews */,
				C447EE341A96C1B500A269C5 /* TwinTableViewsTests */,
				C447EE1D1A96C1B400A269C5 /* Products */,
			);
			sourceTree = "<group>";
		};
		C447EE1D1A96C1B400A269C5 /* Products */ = {
			isa = PBXGroup;
			children = (
				C447EE1C1A96C1B400A269C5 /* TwinTableViews.app */,
				C447EE311A96C1B500A269C5 /* TwinTableViewsTests.xctest */,
			);
			name = Products;
			sourceTree = "<group>";
		};
		C447EE1E1A96C1B400A269C5 /* TwinTableViews */ = {
			isa = PBXGroup;
			children = (
				C447EE211A96C1B400A269C5 /* AppDelegate.swift */,
				C447EE231A96C1B400A269C5 /* ViewController.swift */,
				C447EE411A96E10600A269C5 /* SelectableFoodItem.swift */,
				C447EE251A96C1B400A269C5 /* Main.storyboard */,
				C447EE281A96C1B400A269C5 /* Images.xcassets */,
				C447EE2A1A96C1B400A269C5 /* LaunchScreen.xib */,
				C447EE1F1A96C1B400A269C5 /* Supporting Files */,
			);
			path = TwinTableViews;
			sourceTree = "<group>";
		};
		C447EE1F1A96C1B400A269C5 /* Supporting Files */ = {
			isa = PBXGroup;
			children = (
				C447EE201A96C1B400A269C5 /* Info.plist */,
			);
			name = "Supporting Files";
			sourceTree = "<group>";
		};
		C447EE341A96C1B500A269C5 /* TwinTableViewsTests */ = {
			isa = PBXGroup;
			children = (
				C447EE371A96C1B500A269C5 /* TwinTableViewsTests.swift */,
				C447EE351A96C1B500A269C5 /* Supporting Files */,
			);
			path = TwinTableViewsTests;
			sourceTree = "<group>";
		};
		C447EE351A96C1B500A269C5 /* Supporting Files */ = {
			isa = PBXGroup;
			children = (
				C447EE361A96C1B500A269C5 /* Info.plist */,
			);
			name = "Supporting Files";
			sourceTree = "<group>";
		};
/* End PBXGroup section */

/* Begin PBXNativeTarget section */
		C447EE1B1A96C1B400A269C5 /* TwinTableViews */ = {
			isa = PBXNativeTarget;
			buildConfigurationList = C447EE3B1A96C1B500A269C5 /* Build configuration list for PBXNativeTarget "TwinTableViews" */;
			buildPhases = (
				C447EE181A96C1B400A269C5 /* Sources */,
				C447EE191A96C1B400A269C5 /* Frameworks */,
				C447EE1A1A96C1B400A269C5 /* Resources */,
			);
			buildRules = (
			);
			dependencies = (
			);
			name = TwinTableViews;
			productName = TwinTableViews;
			productReference = C447EE1C1A96C1B400A269C5 /* TwinTableViews.app */;
			productType = "com.apple.product-type.application";
		};
		C447EE301A96C1B500A269C5 /* TwinTableViewsTests */ = {
			isa = PBXNativeTarget;
			buildConfigurationList = C447EE3E1A96C1B500A269C5 /* Build configuration list for PBXNativeTarget "TwinTableViewsTests" */;
			buildPhases = (
				C447EE2D1A96C1B500A269C5 /* Sources */,
				C447EE2E1A96C1B500A269C5 /* Frameworks */,
				C447EE2F1A96C1B500A269C5 /* Resources */,
			);
			buildRules = (
			);
			dependencies = (
				C447EE331A96C1B500A269C5 /* PBXTargetDependency */,
			);
			name = TwinTableViewsTests;
			productName = TwinTableViewsTests;
			productReference = C447EE311A96C1B500A269C5 /* TwinTableViewsTests.xctest */;
			productType = "com.apple.product-type.bundle.unit-test";
		};
/* End PBXNativeTarget section */

/* Begin PBXProject section */
		C447EE141A96C1B400A269C5 /* Project object */ = {
			isa = PBXProject;
			attributes = {
				LastUpgradeCheck = 0610;
				ORGANIZATIONNAME = FuquaProductions;
				TargetAttributes = {
					C447EE1B1A96C1B400A269C5 = {
						CreatedOnToolsVersion = 6.1.1;
					};
					C447EE301A96C1B500A269C5 = {
						CreatedOnToolsVersion = 6.1.1;
						TestTargetID = C447EE1B1A96C1B400A269C5;
					};
				};
			};
			buildConfigurationList = C447EE171A96C1B400A269C5 /* Build configuration list for PBXProject "TwinTableViews" */;
			compatibilityVersion = "Xcode 3.2";
			developmentRegion = English;
			hasScannedForEncodings = 0;
			knownRegions = (
				en,
				Base,
			);
			mainGroup = C447EE131A96C1B400A269C5;
			productRefGroup = C447EE1D1A96C1B400A269C5 /* Products */;
			projectDirPath = "";
			projectRoot = "";
			targets = (
				C447EE1B1A96C1B400A269C5 /* TwinTableViews */,
				C447EE301A96C1B500A269C5 /* TwinTableViewsTests */,
			);
		};
/* End PBXProject section */

/* Begin PBXResourcesBuildPhase section */
		C447EE1A1A96C1B400A269C5 /* Resources */ = {
			isa = PBXResourcesBuildPhase;
			buildActionMask = 2147483647;
			files = (
				C447EE271A96C1B400A269C5 /* Main.storyboard in Resources */,
				C447EE2C1A96C1B400A269C5 /* LaunchScreen.xib in Resources */,
				C447EE291A96C1B400A269C5 /* Images.xcassets in Resources */,
			);
			runOnlyForDeploymentPostprocessing = 0;
		};
		C447EE2F1A96C1B500A269C5 /* Resources */ = {
			isa = PBXResourcesBuildPhase;
			buildActionMask = 2147483647;
			files = (
			);
			runOnlyForDeploymentPostprocessing = 0;
		};
/* End PBXResourcesBuildPhase section */

/* Begin PBXSourcesBuildPhase section */
		C447EE181A96C1B400A269C5 /* Sources */ = {
			isa = PBXSourcesBuildPhase;
			buildActionMask = 2147483647;
			files = (
				C447EE241A96C1B400A269C5 /* ViewController.swift in Sources */,
				C447EE421A96E10600A269C5 /* SelectableFoodItem.swift in Sources */,
				C447EE221A96C1B400A269C5 /* AppDelegate.swift in Sources */,
			);
			runOnlyForDeploymentPostprocessing = 0;
		};
		C447EE2D1A96C1B500A269C5 /* Sources */ = {
			isa = PBXSourcesBuildPhase;
			buildActionMask = 2147483647;
			files = (
				C447EE381A96C1B500A269C5 /* TwinTableViewsTests.swift in Sources */,
			);
			runOnlyForDeploymentPostprocessing = 0;
		};
/* End PBXSourcesBuildPhase section */

/* Begin PBXTargetDependency section */
		C447EE331A96C1B500A269C5 /* PBXTargetDependency */ = {
			isa = PBXTargetDependency;
			target = C447EE1B1A96C1B400A269C5 /* TwinTableViews */;
			targetProxy = C447EE321A96C1B500A269C5 /* PBXContainerItemProxy */;
		};
/* End PBXTargetDependency section */

/* Begin PBXVariantGroup section */
		C447EE251A96C1B400A269C5 /* Main.storyboard */ = {
			isa = PBXVariantGroup;
			children = (
				C447EE261A96C1B400A269C5 /* Base */,
			);
			name = Main.storyboard;
			sourceTree = "<group>";
		};
		C447EE2A1A96C1B400A269C5 /* LaunchScreen.xib */ = {
			isa = PBXVariantGroup;
			children = (
				C447EE2B1A96C1B400A269C5 /* Base */,
			);
			name = LaunchScreen.xib;
			sourceTree = "<group>";
		};
/* End PBXVariantGroup section */

/* Begin XCBuildConfiguration section */
		C447EE391A96C1B500A269C5 /* Debug */ = {
			isa = XCBuildConfiguration;
			buildSettings = {
				ALWAYS_SEARCH_USER_PATHS = NO;
				CLANG_CXX_LANGUAGE_STANDARD = "gnu++0x";
				CLANG_CXX_LIBRARY = "libc++";
				CLANG_ENABLE_MODULES = YES;
				CLANG_ENABLE_OBJC_ARC = YES;
				CLANG_WARN_BOOL_CONVERSION = YES;
				CLANG_WARN_CONSTANT_CONVERSION = YES;
				CLANG_WARN_DIRECT_OBJC_ISA_USAGE = YES_ERROR;
				CLANG_WARN_EMPTY_BODY = YES;
				CLANG_WARN_ENUM_CONVERSION = YES;
				CLANG_WARN_INT_CONVERSION = YES;
				CLANG_WARN_OBJC_ROOT_CLASS = YES_ERROR;
				CLANG_WARN_UNREACHABLE_CODE = YES;
				CLANG_WARN__DUPLICATE_METHOD_MATCH = YES;
				"CODE_SIGN_IDENTITY[sdk=iphoneos*]" = "iPhone Developer";
				COPY_PHASE_STRIP = NO;
				ENABLE_STRICT_OBJC_MSGSEND = YES;
				GCC_C_LANGUAGE_STANDARD = gnu99;
				GCC_DYNAMIC_NO_PIC = NO;
				GCC_OPTIMIZATION_LEVEL = 0;
				GCC_PREPROCESSOR_DEFINITIONS = (
					"DEBUG=1",
					"$(inherited)",
				);
				GCC_SYMBOLS_PRIVATE_EXTERN = NO;
				GCC_WARN_64_TO_32_BIT_CONVERSION = YES;
				GCC_WARN_ABOUT_RETURN_TYPE = YES_ERROR;
				GCC_WARN_UNDECLARED_SELECTOR = YES;
				GCC_WARN_UNINITIALIZED_AUTOS = YES_AGGRESSIVE;
				GCC_WARN_UNUSED_FUNCTION = YES;
				GCC_WARN_UNUSED_VARIABLE = YES;
				IPHONEOS_DEPLOYMENT_TARGET = 8.1;
				MTL_ENABLE_DEBUG_INFO = YES;
				ONLY_ACTIVE_ARCH = YES;
				SDKROOT = iphoneos;
				SWIFT_OPTIMIZATION_LEVEL = "-Onone";
				TARGETED_DEVICE_FAMILY = 2;
			};
			name = Debug;
		};
		C447EE3A1A96C1B500A269C5 /* Release */ = {
			isa = XCBuildConfiguration;
			buildSettings = {
				ALWAYS_SEARCH_USER_PATHS = NO;
				CLANG_CXX_LANGUAGE_STANDARD = "gnu++0x";
				CLANG_CXX_LIBRARY = "libc++";
				CLANG_ENABLE_MODULES = YES;
				CLANG_ENABLE_OBJC_ARC = YES;
				CLANG_WARN_BOOL_CONVERSION = YES;
				CLANG_WARN_CONSTANT_CONVERSION = YES;
				CLANG_WARN_DIRECT_OBJC_ISA_USAGE = YES_ERROR;
				CLANG_WARN_EMPTY_BODY = YES;
				CLANG_WARN_ENUM_CONVERSION = YES;
				CLANG_WARN_INT_CONVERSION = YES;
				CLANG_WARN_OBJC_ROOT_CLASS = YES_ERROR;
				CLANG_WARN_UNREACHABLE_CODE = YES;
				CLANG_WARN__DUPLICATE_METHOD_MATCH = YES;
				"CODE_SIGN_IDENTITY[sdk=iphoneos*]" = "iPhone Developer";
				COPY_PHASE_STRIP = YES;
				ENABLE_NS_ASSERTIONS = NO;
				ENABLE_STRICT_OBJC_MSGSEND = YES;
				GCC_C_LANGUAGE_STANDARD = gnu99;
				GCC_WARN_64_TO_32_BIT_CONVERSION = YES;
				GCC_WARN_ABOUT_RETURN_TYPE = YES_ERROR;
				GCC_WARN_UNDECLARED_SELECTOR = YES;
				GCC_WARN_UNINITIALIZED_AUTOS = YES_AGGRESSIVE;
				GCC_WARN_UNUSED_FUNCTION = YES;
				GCC_WARN_UNUSED_VARIABLE = YES;
				IPHONEOS_DEPLOYMENT_TARGET = 8.1;
				MTL_ENABLE_DEBUG_INFO = NO;
				SDKROOT = iphoneos;
				TARGETED_DEVICE_FAMILY = 2;
				VALIDATE_PRODUCT = YES;
			};
			name = Release;
		};
		C447EE3C1A96C1B500A269C5 /* Debug */ = {
			isa = XCBuildConfiguration;
			buildSettings = {
				ASSETCATALOG_COMPILER_APPICON_NAME = AppIcon;
				INFOPLIST_FILE = TwinTableViews/Info.plist;
				LD_RUNPATH_SEARCH_PATHS = "$(inherited) @executable_path/Frameworks";
				PRODUCT_NAME = "$(TARGET_NAME)";
			};
			name = Debug;
		};
		C447EE3D1A96C1B500A269C5 /* Release */ = {
			isa = XCBuildConfiguration;
			buildSettings = {
				ASSETCATALOG_COMPILER_APPICON_NAME = AppIcon;
				INFOPLIST_FILE = TwinTableViews/Info.plist;
				LD_RUNPATH_SEARCH_PATHS = "$(inherited) @executable_path/Frameworks";
				PRODUCT_NAME = "$(TARGET_NAME)";
			};
			name = Release;
		};
		C447EE3F1A96C1B500A269C5 /* Debug */ = {
			isa = XCBuildConfiguration;
			buildSettings = {
				BUNDLE_LOADER = "$(TEST_HOST)";
				FRAMEWORK_SEARCH_PATHS = (
					"$(SDKROOT)/Developer/Library/Frameworks",
					"$(inherited)",
				);
				GCC_PREPROCESSOR_DEFINITIONS = (
					"DEBUG=1",
					"$(inherited)",
				);
				INFOPLIST_FILE = TwinTableViewsTests/Info.plist;
				LD_RUNPATH_SEARCH_PATHS = "$(inherited) @executable_path/Frameworks @loader_path/Frameworks";
				PRODUCT_NAME = "$(TARGET_NAME)";
				TEST_HOST = "$(BUILT_PRODUCTS_DIR)/TwinTableViews.app/TwinTableViews";
			};
			name = Debug;
		};
		C447EE401A96C1B500A269C5 /* Release */ = {
			isa = XCBuildConfiguration;
			buildSettings = {
				BUNDLE_LOADER = "$(TEST_HOST)";
				FRAMEWORK_SEARCH_PATHS = (
					"$(SDKROOT)/Developer/Library/Frameworks",
					"$(inherited)",
				);
				INFOPLIST_FILE = TwinTableViewsTests/Info.plist;
				LD_RUNPATH_SEARCH_PATHS = "$(inherited) @executable_path/Frameworks @loader_path/Frameworks";
				PRODUCT_NAME = "$(TARGET_NAME)";
				TEST_HOST = "$(BUILT_PRODUCTS_DIR)/TwinTableViews.app/TwinTableViews";
			};
			name = Release;
		};
/* End XCBuildConfiguration section */

/* Begin XCConfigurationList section */
		C447EE171A96C1B400A269C5 /* Build configuration list for PBXProject "TwinTableViews" */ = {
			isa = XCConfigurationList;
			buildConfigurations = (
				C447EE391A96C1B500A269C5 /* Debug */,
				C447EE3A1A96C1B500A269C5 /* Release */,
			);
			defaultConfigurationIsVisible = 0;
			defaultConfigurationName = Release;
		};
		C447EE3B1A96C1B500A269C5 /* Build configuration list for PBXNativeTarget "TwinTableViews" */ = {
			isa = XCConfigurationList;
			buildConfigurations = (
				C447EE3C1A96C1B500A269C5 /* Debug */,
				C447EE3D1A96C1B500A269C5 /* Release */,
			);
			defaultConfigurationIsVisible = 0;
		};
		C447EE3E1A96C1B500A269C5 /* Build configuration list for PBXNativeTarget "TwinTableViewsTests" */ = {
			isa = XCConfigurationList;
			buildConfigurations = (
				C447EE3F1A96C1B500A269C5 /* Debug */,
				C447EE401A96C1B500A269C5 /* Release */,
			);
			defaultConfigurationIsVisible = 0;
		};
/* End XCConfigurationList section */
	};
	rootObject = C447EE141A96C1B400A269C5 /* Project object */;
}
